
Microsoft Visual Studio Solution File, Format Version 12.00
# Visual Studio 15
VisualStudioVersion = 15.0.27703.2000
MinimumVisualStudioVersion = 10.0.40219.1
Project("{FAE04EC0-301F-11D3-BF4B-00C04F79EFBC}") = "Workshop", "Workshop\Workshop.csproj", "{AE923D80-6FA7-4C73-BCFF-A40CD3855141}"
EndProject
Global
	GlobalSection(SolutionConfigurationPlatforms) = preSolution
		Debug|Any CPU = Debug|Any CPU
		Release|Any CPU = Release|Any CPU
	EndGlobalSection
	GlobalSection(ProjectConfigurationPlatforms) = postSolution
		{AE923D80-6FA7-4C73-BCFF-A40CD3855141}.Debug|Any CPU.ActiveCfg = Debug|Any CPU
		{AE923D80-6FA7-4C73-BCFF-A40CD3855141}.Debug|Any CPU.Build.0 = Debug|Any CPU
		{AE923D80-6FA7-4C73-BCFF-A40CD3855141}.Release|Any CPU.ActiveCfg = Release|Any CPU
		{AE923D80-6FA7-4C73-BCFF-A40CD3855141}.Release|Any CPU.Build.0 = Release|Any CPU
	EndGlobalSection
	GlobalSection(SolutionProperties) = preSolution
		HideSolutionNode = FALSE
	EndGlobalSection
	GlobalSection(ExtensibilityGlobals) = postSolution
		SolutionGuid = {865C7AAD-EE08-4448-9507-0E6FE54F82BC}
	EndGlobalSection
EndGlobal
